// !$*UTF8*$!
{
	archiveVersion = 1;
	classes = {
	};
	objectVersion = 46;
	objects = {

/* Begin PBXBuildFile section */
		A20655E41C2CCBC500C2FB1F /* ArrayTestViewController.swift in Sources */ = {isa = PBXBuildFile; fileRef = A20655E31C2CCBC500C2FB1F /* ArrayTestViewController.swift */; };
		A20CFBCC1C3B622100985D4D /* ObjectTestViewController.swift in Sources */ = {isa = PBXBuildFile; fileRef = A20CFBCB1C3B622000985D4D /* ObjectTestViewController.swift */; };
		A29E138B1C2BD10400F623F1 /* StringTestViewController.swift in Sources */ = {isa = PBXBuildFile; fileRef = A29E138A1C2BD10400F623F1 /* StringTestViewController.swift */; };
		A29E138D1C2BD82000F623F1 /* NumberTestViewController.swift in Sources */ = {isa = PBXBuildFile; fileRef = A29E138C1C2BD82000F623F1 /* NumberTestViewController.swift */; };
		A2B308971C56080200916C17 /* 1.png in Resources */ = {isa = PBXBuildFile; fileRef = A2B308961C56080200916C17 /* 1.png */; };
		A2B308991C56080500916C17 /* 2.png in Resources */ = {isa = PBXBuildFile; fileRef = A2B308981C56080500916C17 /* 2.png */; };
		A2B3089B1C56080800916C17 /* 3.png in Resources */ = {isa = PBXBuildFile; fileRef = A2B3089A1C56080800916C17 /* 3.png */; };
		A2F0959F1C2A28F3008C84F4 /* AppDelegate.swift in Sources */ = {isa = PBXBuildFile; fileRef = A2F0959E1C2A28F3008C84F4 /* AppDelegate.swift */; };
		A2F095A11C2A28F3008C84F4 /* ViewController.swift in Sources */ = {isa = PBXBuildFile; fileRef = A2F095A01C2A28F3008C84F4 /* ViewController.swift */; };
		A2F095A61C2A28F3008C84F4 /* Assets.xcassets in Resources */ = {isa = PBXBuildFile; fileRef = A2F095A51C2A28F3008C84F4 /* Assets.xcassets */; };
		A2F095A91C2A28F3008C84F4 /* LaunchScreen.storyboard in Resources */ = {isa = PBXBuildFile; fileRef = A2F095A71C2A28F3008C84F4 /* LaunchScreen.storyboard */; };
		A2F72B871C3CB30300EAAD1E /* CacheTestViewController.swift in Sources */ = {isa = PBXBuildFile; fileRef = A2F72B861C3CB30300EAAD1E /* CacheTestViewController.swift */; };
		A2F72B891C3CC43E00EAAD1E /* GrandStore.swift in Sources */ = {isa = PBXBuildFile; fileRef = A2F72B881C3CC43E00EAAD1E /* GrandStore.swift */; };
		AE5F044E1C882C6200932084 /* TempSaveTestViewController.swift in Sources */ = {isa = PBXBuildFile; fileRef = AE5F044D1C882C6200932084 /* TempSaveTestViewController.swift */; };
/* End PBXBuildFile section */

/* Begin PBXFileReference section */
		A20655E31C2CCBC500C2FB1F /* ArrayTestViewController.swift */ = {isa = PBXFileReference; fileEncoding = 4; lastKnownFileType = sourcecode.swift; path = ArrayTestViewController.swift; sourceTree = "<group>"; };
		A20CFBCB1C3B622000985D4D /* ObjectTestViewController.swift */ = {isa = PBXFileReference; fileEncoding = 4; lastKnownFileType = sourcecode.swift; path = ObjectTestViewController.swift; sourceTree = "<group>"; };
		A29E138A1C2BD10400F623F1 /* StringTestViewController.swift */ = {isa = PBXFileReference; fileEncoding = 4; lastKnownFileType = sourcecode.swift; path = StringTestViewController.swift; sourceTree = "<group>"; };
		A29E138C1C2BD82000F623F1 /* NumberTestViewController.swift */ = {isa = PBXFileReference; fileEncoding = 4; lastKnownFileType = sourcecode.swift; path = NumberTestViewController.swift; sourceTree = "<group>"; };
		A2B308961C56080200916C17 /* 1.png */ = {isa = PBXFileReference; lastKnownFileType = image.png; path = 1.png; sourceTree = "<group>"; };
		A2B308981C56080500916C17 /* 2.png */ = {isa = PBXFileReference; lastKnownFileType = image.png; path = 2.png; sourceTree = "<group>"; };
		A2B3089A1C56080800916C17 /* 3.png */ = {isa = PBXFileReference; lastKnownFileType = image.png; path = 3.png; sourceTree = "<group>"; };
		A2F0959B1C2A28F3008C84F4 /* GrandStoreDemo.app */ = {isa = PBXFileReference; explicitFileType = wrapper.application; includeInIndex = 0; path = GrandStoreDemo.app; sourceTree = BUILT_PRODUCTS_DIR; };
		A2F0959E1C2A28F3008C84F4 /* AppDelegate.swift */ = {isa = PBXFileReference; lastKnownFileType = sourcecode.swift; path = AppDelegate.swift; sourceTree = "<group>"; };
		A2F095A01C2A28F3008C84F4 /* ViewController.swift */ = {isa = PBXFileReference; lastKnownFileType = sourcecode.swift; path = ViewController.swift; sourceTree = "<group>"; };
		A2F095A51C2A28F3008C84F4 /* Assets.xcassets */ = {isa = PBXFileReference; lastKnownFileType = folder.assetcatalog; path = Assets.xcassets; sourceTree = "<group>"; };
		A2F095A81C2A28F3008C84F4 /* Base */ = {isa = PBXFileReference; lastKnownFileType = file.storyboard; name = Base; path = Base.lproj/LaunchScreen.storyboard; sourceTree = "<group>"; };
		A2F095AA1C2A28F3008C84F4 /* Info.plist */ = {isa = PBXFileReference; lastKnownFileType = text.plist.xml; path = Info.plist; sourceTree = "<group>"; };
		A2F72B861C3CB30300EAAD1E /* CacheTestViewController.swift */ = {isa = PBXFileReference; fileEncoding = 4; lastKnownFileType = sourcecode.swift; path = CacheTestViewController.swift; sourceTree = "<group>"; };
		A2F72B881C3CC43E00EAAD1E /* GrandStore.swift */ = {isa = PBXFileReference; fileEncoding = 4; lastKnownFileType = sourcecode.swift; path = GrandStore.swift; sourceTree = "<group>"; };
		AE5F044D1C882C6200932084 /* TempSaveTestViewController.swift */ = {isa = PBXFileReference; fileEncoding = 4; lastKnownFileType = sourcecode.swift; path = TempSaveTestViewController.swift; sourceTree = "<group>"; };
/* End PBXFileReference section */

/* Begin PBXFrameworksBuildPhase section */
		A2F095981C2A28F3008C84F4 /* Frameworks */ = {
			isa = PBXFrameworksBuildPhase;
			buildActionMask = 2147483647;
			files = (
			);
			runOnlyForDeploymentPostprocessing = 0;
		};
/* End PBXFrameworksBuildPhase section */

/* Begin PBXGroup section */
		A2B308951C5607E800916C17 /* Resource */ = {
			isa = PBXGroup;
			children = (
				A2B3089A1C56080800916C17 /* 3.png */,
				A2B308981C56080500916C17 /* 2.png */,
				A2B308961C56080200916C17 /* 1.png */,
			);
			path = Resource;
			sourceTree = "<group>";
		};
		A2F095921C2A28F3008C84F4 = {
			isa = PBXGroup;
			children = (
				A2F095B01C2A291A008C84F4 /* GrandStore */,
				A2F0959D1C2A28F3008C84F4 /* GrandStoreDemo */,
				A2F0959C1C2A28F3008C84F4 /* Products */,
			);
			sourceTree = "<group>";
		};
		A2F0959C1C2A28F3008C84F4 /* Products */ = {
			isa = PBXGroup;
			children = (
				A2F0959B1C2A28F3008C84F4 /* GrandStoreDemo.app */,
			);
			name = Products;
			sourceTree = "<group>";
		};
		A2F0959D1C2A28F3008C84F4 /* GrandStoreDemo */ = {
			isa = PBXGroup;
			children = (
				A2B308951C5607E800916C17 /* Resource */,
				A2F0959E1C2A28F3008C84F4 /* AppDelegate.swift */,
				A2F095A01C2A28F3008C84F4 /* ViewController.swift */,
				A2F095A51C2A28F3008C84F4 /* Assets.xcassets */,
				A2F095A71C2A28F3008C84F4 /* LaunchScreen.storyboard */,
				A2F095AA1C2A28F3008C84F4 /* Info.plist */,
				A29E138A1C2BD10400F623F1 /* StringTestViewController.swift */,
				A29E138C1C2BD82000F623F1 /* NumberTestViewController.swift */,
				A20655E31C2CCBC500C2FB1F /* ArrayTestViewController.swift */,
				A20CFBCB1C3B622000985D4D /* ObjectTestViewController.swift */,
				A2F72B861C3CB30300EAAD1E /* CacheTestViewController.swift */,
				AE5F044D1C882C6200932084 /* TempSaveTestViewController.swift */,
			);
			path = GrandStoreDemo;
			sourceTree = "<group>";
		};
		A2F095B01C2A291A008C84F4 /* GrandStore */ = {
			isa = PBXGroup;
			children = (
				A2F72B881C3CC43E00EAAD1E /* GrandStore.swift */,
			);
			path = GrandStore;
			sourceTree = "<group>";
		};
/* End PBXGroup section */

/* Begin PBXNativeTarget section */
		A2F0959A1C2A28F3008C84F4 /* GrandStoreDemo */ = {
			isa = PBXNativeTarget;
			buildConfigurationList = A2F095AD1C2A28F3008C84F4 /* Build configuration list for PBXNativeTarget "GrandStoreDemo" */;
			buildPhases = (
				A2F095971C2A28F3008C84F4 /* Sources */,
				A2F095981C2A28F3008C84F4 /* Frameworks */,
				A2F095991C2A28F3008C84F4 /* Resources */,
			);
			buildRules = (
			);
			dependencies = (
			);
			name = GrandStoreDemo;
			productName = GrandStoreDemo;
			productReference = A2F0959B1C2A28F3008C84F4 /* GrandStoreDemo.app */;
			productType = "com.apple.product-type.application";
		};
/* End PBXNativeTarget section */

/* Begin PBXProject section */
		A2F095931C2A28F3008C84F4 /* Project object */ = {
			isa = PBXProject;
			attributes = {
				LastSwiftUpdateCheck = 0720;
				LastUpgradeCheck = 1000;
				ORGANIZATIONNAME = Qfq;
				TargetAttributes = {
					A2F0959A1C2A28F3008C84F4 = {
						CreatedOnToolsVersion = 7.2;
						DevelopmentTeam = 3YCGH6CCXA;
						LastSwiftMigration = 0910;
					};
				};
			};
			buildConfigurationList = A2F095961C2A28F3008C84F4 /* Build configuration list for PBXProject "GrandStoreDemo" */;
			compatibilityVersion = "Xcode 3.2";
			developmentRegion = English;
			hasScannedForEncodings = 0;
			knownRegions = (
				en,
				Base,
			);
			mainGroup = A2F095921C2A28F3008C84F4;
			productRefGroup = A2F0959C1C2A28F3008C84F4 /* Products */;
			projectDirPath = "";
			projectRoot = "";
			targets = (
				A2F0959A1C2A28F3008C84F4 /* GrandStoreDemo */,
			);
		};
/* End PBXProject section */

/* Begin PBXResourcesBuildPhase section */
		A2F095991C2A28F3008C84F4 /* Resources */ = {
			isa = PBXResourcesBuildPhase;
			buildActionMask = 2147483647;
			files = (
				A2B3089B1C56080800916C17 /* 3.png in Resources */,
				A2B308971C56080200916C17 /* 1.png in Resources */,
				A2F095A91C2A28F3008C84F4 /* LaunchScreen.storyboard in Resources */,
				A2B308991C56080500916C17 /* 2.png in Resources */,
				A2F095A61C2A28F3008C84F4 /* Assets.xcassets in Resources */,
			);
			runOnlyForDeploymentPostprocessing = 0;
		};
/* End PBXResourcesBuildPhase section */

/* Begin PBXSourcesBuildPhase section */
		A2F095971C2A28F3008C84F4 /* Sources */ = {
			isa = PBXSourcesBuildPhase;
			buildActionMask = 2147483647;
			files = (
				A20655E41C2CCBC500C2FB1F /* ArrayTestViewController.swift in Sources */,
				A20CFBCC1C3B622100985D4D /* ObjectTestViewController.swift in Sources */,
				A2F095A11C2A28F3008C84F4 /* ViewController.swift in Sources */,
				A2F72B871C3CB30300EAAD1E /* CacheTestViewController.swift in Sources */,
				A2F0959F1C2A28F3008C84F4 /* AppDelegate.swift in Sources */,
				A2F72B891C3CC43E00EAAD1E /* GrandStore.swift in Sources */,
				AE5F044E1C882C6200932084 /* TempSaveTestViewController.swift in Sources */,
				A29E138B1C2BD10400F623F1 /* StringTestViewController.swift in Sources */,
				A29E138D1C2BD82000F623F1 /* NumberTestViewController.swift in Sources */,
			);
			runOnlyForDeploymentPostprocessing = 0;
		};
/* End PBXSourcesBuildPhase section */

/* Begin PBXVariantGroup section */
		A2F095A71C2A28F3008C84F4 /* LaunchScreen.storyboard */ = {
			isa = PBXVariantGroup;
			children = (
				A2F095A81C2A28F3008C84F4 /* Base */,
			);
			name = LaunchScreen.storyboard;
			sourceTree = "<group>";
		};
/* End PBXVariantGroup section */

/* Begin XCBuildConfiguration section */
		A2F095AB1C2A28F3008C84F4 /* Debug */ = {
			isa = XCBuildConfiguration;
			buildSettings = {
				ALWAYS_SEARCH_USER_PATHS = NO;
				CLANG_CXX_LANGUAGE_STANDARD = "gnu++0x";
				CLANG_CXX_LIBRARY = "libc++";
				CLANG_ENABLE_MODULES = YES;
				CLANG_ENABLE_OBJC_ARC = YES;
				CLANG_WARN_BLOCK_CAPTURE_AUTORELEASING = YES;
				CLANG_WARN_BOOL_CONVERSION = YES;
				CLANG_WARN_COMMA = YES;
				CLANG_WARN_CONSTANT_CONVERSION = YES;
				CLANG_WARN_DEPRECATED_OBJC_IMPLEMENTATIONS = YES;
				CLANG_WARN_DIRECT_OBJC_ISA_USAGE = YES_ERROR;
				CLANG_WARN_EMPTY_BODY = YES;
				CLANG_WARN_ENUM_CONVERSION = YES;
				CLANG_WARN_INFINITE_RECURSION = YES;
				CLANG_WARN_INT_CONVERSION = YES;
				CLANG_WARN_NON_LITERAL_NULL_CONVERSION = YES;
				CLANG_WARN_OBJC_IMPLICIT_RETAIN_SELF = YES;
				CLANG_WARN_OBJC_LITERAL_CONVERSION = YES;
				CLANG_WARN_OBJC_ROOT_CLASS = YES_ERROR;
				CLANG_WARN_RANGE_LOOP_ANALYSIS = YES;
				CLANG_WARN_STRICT_PROTOTYPES = YES;
				CLANG_WARN_SUSPICIOUS_MOVE = YES;
				CLANG_WARN_UNREACHABLE_CODE = YES;
				CLANG_WARN__DUPLICATE_METHOD_MATCH = YES;
				"CODE_SIGN_IDENTITY[sdk=iphoneos*]" = "iPhone Developer";
				COPY_PHASE_STRIP = NO;
				DEBUG_INFORMATION_FORMAT = dwarf;
				ENABLE_STRICT_OBJC_MSGSEND = YES;
				ENABLE_TESTABILITY = YES;
				GCC_C_LANGUAGE_STANDARD = gnu99;
				GCC_DYNAMIC_NO_PIC = NO;
				GCC_NO_COMMON_BLOCKS = YES;
				GCC_OPTIMIZATION_LEVEL = 0;
				GCC_PREPROCESSOR_DEFINITIONS = (
					"DEBUG=1",
					"$(inherited)",
				);
				GCC_WARN_64_TO_32_BIT_CONVERSION = YES;
				GCC_WARN_ABOUT_RETURN_TYPE = YES_ERROR;
				GCC_WARN_UNDECLARED_SELECTOR = YES;
				GCC_WARN_UNINITIALIZED_AUTOS = YES_AGGRESSIVE;
				GCC_WARN_UNUSED_FUNCTION = YES;
				GCC_WARN_UNUSED_VARIABLE = YES;
				IPHONEOS_DEPLOYMENT_TARGET = 9.2;
				MTL_ENABLE_DEBUG_INFO = YES;
				ONLY_ACTIVE_ARCH = YES;
				SDKROOT = iphoneos;
				SWIFT_OPTIMIZATION_LEVEL = "-Onone";
			};
			name = Debug;
		};
		A2F095AC1C2A28F3008C84F4 /* Release */ = {
			isa = XCBuildConfiguration;
			buildSettings = {
				ALWAYS_SEARCH_USER_PATHS = NO;
				CLANG_CXX_LANGUAGE_STANDARD = "gnu++0x";
				CLANG_CXX_LIBRARY = "libc++";
				CLANG_ENABLE_MODULES = YES;
				CLANG_ENABLE_OBJC_ARC = YES;
				CLANG_WARN_BLOCK_CAPTURE_AUTORELEASING = YES;
				CLANG_WARN_BOOL_CONVERSION = YES;
				CLANG_WARN_COMMA = YES;
				CLANG_WARN_CONSTANT_CONVERSION = YES;
				CLANG_WARN_DEPRECATED_OBJC_IMPLEMENTATIONS = YES;
				CLANG_WARN_DIRECT_OBJC_ISA_USAGE = YES_ERROR;
				CLANG_WARN_EMPTY_BODY = YES;
				CLANG_WARN_ENUM_CONVERSION = YES;
				CLANG_WARN_INFINITE_RECURSION = YES;
				CLANG_WARN_INT_CONVERSION = YES;
				CLANG_WARN_NON_LITERAL_NULL_CONVERSION = YES;
				CLANG_WARN_OBJC_IMPLICIT_RETAIN_SELF = YES;
				CLANG_WARN_OBJC_LITERAL_CONVERSION = YES;
				CLANG_WARN_OBJC_ROOT_CLASS = YES_ERROR;
				CLANG_WARN_RANGE_LOOP_ANALYSIS = YES;
				CLANG_WARN_STRICT_PROTOTYPES = YES;
				CLANG_WARN_SUSPICIOUS_MOVE = YES;
				CLANG_WARN_UNREACHABLE_CODE = YES;
				CLANG_WARN__DUPLICATE_METHOD_MATCH = YES;
				"CODE_SIGN_IDENTITY[sdk=iphoneos*]" = "iPhone Developer";
				COPY_PHASE_STRIP = NO;
				DEBUG_INFORMATION_FORMAT = "dwarf-with-dsym";
				ENABLE_NS_ASSERTIONS = NO;
				ENABLE_STRICT_OBJC_MSGSEND = YES;
				GCC_C_LANGUAGE_STANDARD = gnu99;
				GCC_NO_COMMON_BLOCKS = YES;
				GCC_WARN_64_TO_32_BIT_CONVERSION = YES;
				GCC_WARN_ABOUT_RETURN_TYPE = YES_ERROR;
				GCC_WARN_UNDECLARED_SELECTOR = YES;
				GCC_WARN_UNINITIALIZED_AUTOS = YES_AGGRESSIVE;
				GCC_WARN_UNUSED_FUNCTION = YES;
				GCC_WARN_UNUSED_VARIABLE = YES;
				IPHONEOS_DEPLOYMENT_TARGET = 9.2;
				MTL_ENABLE_DEBUG_INFO = NO;
				SDKROOT = iphoneos;
				SWIFT_OPTIMIZATION_LEVEL = "-Owholemodule";
				VALIDATE_PRODUCT = YES;
			};
			name = Release;
		};
		A2F095AE1C2A28F3008C84F4 /* Debug */ = {
			isa = XCBuildConfiguration;
			buildSettings = {
				ASSETCATALOG_COMPILER_APPICON_NAME = AppIcon;
				DEVELOPMENT_TEAM = 3YCGH6CCXA;
				INFOPLIST_FILE = GrandStoreDemo/Info.plist;
				IPHONEOS_DEPLOYMENT_TARGET = 8.0;
				LD_RUNPATH_SEARCH_PATHS = "$(inherited) @executable_path/Frameworks";
				PRODUCT_BUNDLE_IDENTIFIER = stan.GrandStoreDemo;
				PRODUCT_NAME = "$(TARGET_NAME)";
				SWIFT_SWIFT3_OBJC_INFERENCE = On;
				SWIFT_VERSION = 4.2;
			};
			name = Debug;
		};
		A2F095AF1C2A28F3008C84F4 /* Release */ = {
			isa = XCBuildConfiguration;
			buildSettings = {
				ASSETCATALOG_COMPILER_APPICON_NAME = AppIcon;
				DEVELOPMENT_TEAM = 3YCGH6CCXA;
				INFOPLIST_FILE = GrandStoreDemo/Info.plist;
				IPHONEOS_DEPLOYMENT_TARGET = 8.0;
				LD_RUNPATH_SEARCH_PATHS = "$(inherited) @executable_path/Frameworks";
				PRODUCT_BUNDLE_IDENTIFIER = stan.GrandStoreDemo;
				PRODUCT_NAME = "$(TARGET_NAME)";
				SWIFT_SWIFT3_OBJC_INFERENCE = On;
				SWIFT_VERSION = 4.2;
			};
			name = Release;
		};
/* End XCBuildConfiguration section */

/* Begin XCConfigurationList section */
		A2F095961C2A28F3008C84F4 /* Build configuration list for PBXProject "GrandStoreDemo" */ = {
			isa = XCConfigurationList;
			buildConfigurations = (
				A2F095AB1C2A28F3008C84F4 /* Debug */,
				A2F095AC1C2A28F3008C84F4 /* Release */,
			);
			defaultConfigurationIsVisible = 0;
			defaultConfigurationName = Release;
		};
		A2F095AD1C2A28F3008C84F4 /* Build configuration list for PBXNativeTarget "GrandStoreDemo" */ = {
			isa = XCConfigurationList;
			buildConfigurations = (
				A2F095AE1C2A28F3008C84F4 /* Debug */,
				A2F095AF1C2A28F3008C84F4 /* Release */,
			);
			defaultConfigurationIsVisible = 0;
			defaultConfigurationName = Release;
		};
/* End XCConfigurationList section */
	};
	rootObject = A2F095931C2A28F3008C84F4 /* Project object */;
}
